
Microsoft Visual Studio Solution File, Format Version 12.00
# Visual Studio Version 17
VisualStudioVersion = 17.7.34031.279
MinimumVisualStudioVersion = 10.0.40219.1
Project("{9A19103F-16F7-4668-BE54-9A1E7A4F7556}") = "Lab1", "Lab1\Lab1.csproj", "{B1513B3D-8909-4C93-A8E7-658AE3DC4DB5}"
EndProject
Project("{FAE04EC0-301F-11D3-BF4B-00C04F79EFBC}") = "Lab2Test", "Lab2Test\Lab2Test.csproj", "{EDC92A91-5B53-41AC-87C2-88B69E67494E}"
EndProject
Project("{FAE04EC0-301F-11D3-BF4B-00C04F79EFBC}") = "Lab2", "Lab2\Lab2.csproj", "{730E9071-4AEC-4471-BCCB-99E179EDEAF0}"
EndProject
Global
	GlobalSection(SolutionConfigurationPlatforms) = preSolution
		Debug|Any CPU = Debug|Any CPU
		Release|Any CPU = Release|Any CPU
	EndGlobalSection
	GlobalSection(ProjectConfigurationPlatforms) = postSolution
		{B1513B3D-8909-4C93-A8E7-658AE3DC4DB5}.Debug|Any CPU.ActiveCfg = Debug|Any CPU
		{B1513B3D-8909-4C93-A8E7-658AE3DC4DB5}.Debug|Any CPU.Build.0 = Debug|Any CPU
		{B1513B3D-8909-4C93-A8E7-658AE3DC4DB5}.Release|Any CPU.ActiveCfg = Release|Any CPU
		{B1513B3D-8909-4C93-A8E7-658AE3DC4DB5}.Release|Any CPU.Build.0 = Release|Any CPU
		{EDC92A91-5B53-41AC-87C2-88B69E67494E}.Debug|Any CPU.ActiveCfg = Debug|Any CPU
		{EDC92A91-5B53-41AC-87C2-88B69E67494E}.Debug|Any CPU.Build.0 = Debug|Any CPU
		{EDC92A91-5B53-41AC-87C2-88B69E67494E}.Release|Any CPU.ActiveCfg = Release|Any CPU
		{EDC92A91-5B53-41AC-87C2-88B69E67494E}.Release|Any CPU.Build.0 = Release|Any CPU
		{730E9071-4AEC-4471-BCCB-99E179EDEAF0}.Debug|Any CPU.ActiveCfg = Debug|Any CPU
		{730E9071-4AEC-4471-BCCB-99E179EDEAF0}.Debug|Any CPU.Build.0 = Debug|Any CPU
		{730E9071-4AEC-4471-BCCB-99E179EDEAF0}.Release|Any CPU.ActiveCfg = Release|Any CPU
		{730E9071-4AEC-4471-BCCB-99E179EDEAF0}.Release|Any CPU.Build.0 = Release|Any CPU
	EndGlobalSection
	GlobalSection(SolutionProperties) = preSolution
		HideSolutionNode = FALSE
	EndGlobalSection
	GlobalSection(ExtensibilityGlobals) = postSolution
		SolutionGuid = {44AD01D2-2A1C-456E-8761-B1E5419D81D9}
	EndGlobalSection
EndGlobal
